
Microsoft Visual Studio Solution File, Format Version 12.00
# Visual Studio Version 17
VisualStudioVersion = 17.7.34003.232
MinimumVisualStudioVersion = 10.0.40219.1
Project("{FAE04EC0-301F-11D3-BF4B-00C04F79EFBC}") = "Arrays_Mangum_Stephen", "Arrays_Mangum_Stephen.csproj", "{B9F9CEFB-531B-4144-A634-90FC71703D02}"
EndProject
Global
	GlobalSection(SolutionConfigurationPlatforms) = preSolution
		Debug|Any CPU = Debug|Any CPU
		Release|Any CPU = Release|Any CPU
	EndGlobalSection
	GlobalSection(ProjectConfigurationPlatforms) = postSolution
		{B9F9CEFB-531B-4144-A634-90FC71703D02}.Debug|Any CPU.ActiveCfg = Debug|Any CPU
		{B9F9CEFB-531B-4144-A634-90FC71703D02}.Debug|Any CPU.Build.0 = Debug|Any CPU
		{B9F9CEFB-531B-4144-A634-90FC71703D02}.Release|Any CPU.ActiveCfg = Release|Any CPU
		{B9F9CEFB-531B-4144-A634-90FC71703D02}.Release|Any CPU.Build.0 = Release|Any CPU
	EndGlobalSection
	GlobalSection(SolutionProperties) = preSolution
		HideSolutionNode = FALSE
	EndGlobalSection
	GlobalSection(ExtensibilityGlobals) = postSolution
		SolutionGuid = {45ABFBA8-A337-4061-945A-DEAFB6A9337B}
	EndGlobalSection
EndGlobal
